
Microsoft Visual Studio Solution File, Format Version 12.00
# Visual Studio Version 16
VisualStudioVersion = 16.0.30002.166
MinimumVisualStudioVersion = 10.0.40219.1
Project("{9A19103F-16F7-4668-BE54-9A1E7A4F7556}") = "AverageSpeed", "AverageSpeed\AverageSpeed.csproj", "{6644D94F-C520-4206-B19A-19EE4EC84D8D}"
EndProject
Project("{9A19103F-16F7-4668-BE54-9A1E7A4F7556}") = "AverageSpeed.Test", "AverageSpeed.Test\AverageSpeed.Test.csproj", "{89F59223-3BE4-45A1-AD81-D19FB641FC6D}"
EndProject
Project("{2150E333-8FDC-42A3-9474-1A3956D46DE8}") = "Solution Items", "Solution Items", "{DA306264-C467-402E-8F19-20356F1C3574}"
	ProjectSection(SolutionItems) = preProject
		README.md = README.md
	EndProjectSection
EndProject
Global
	GlobalSection(SolutionConfigurationPlatforms) = preSolution
		Debug|Any CPU = Debug|Any CPU
		Release|Any CPU = Release|Any CPU
	EndGlobalSection
	GlobalSection(ProjectConfigurationPlatforms) = postSolution
		{6644D94F-C520-4206-B19A-19EE4EC84D8D}.Debug|Any CPU.ActiveCfg = Debug|Any CPU
		{6644D94F-C520-4206-B19A-19EE4EC84D8D}.Debug|Any CPU.Build.0 = Debug|Any CPU
		{6644D94F-C520-4206-B19A-19EE4EC84D8D}.Release|Any CPU.ActiveCfg = Release|Any CPU
		{6644D94F-C520-4206-B19A-19EE4EC84D8D}.Release|Any CPU.Build.0 = Release|Any CPU
		{89F59223-3BE4-45A1-AD81-D19FB641FC6D}.Debug|Any CPU.ActiveCfg = Debug|Any CPU
		{89F59223-3BE4-45A1-AD81-D19FB641FC6D}.Debug|Any CPU.Build.0 = Debug|Any CPU
		{89F59223-3BE4-45A1-AD81-D19FB641FC6D}.Release|Any CPU.ActiveCfg = Release|Any CPU
		{89F59223-3BE4-45A1-AD81-D19FB641FC6D}.Release|Any CPU.Build.0 = Release|Any CPU
	EndGlobalSection
	GlobalSection(SolutionProperties) = preSolution
		HideSolutionNode = FALSE
	EndGlobalSection
	GlobalSection(ExtensibilityGlobals) = postSolution
		SolutionGuid = {B6BDD046-4630-459A-9CB2-78AEDA3E0BF1}
	EndGlobalSection
EndGlobal
